
Microsoft Visual Studio Solution File, Format Version 12.00
# Visual Studio 14
VisualStudioVersion = 14.0.22823.1
MinimumVisualStudioVersion = 10.0.40219.1
Project("{FAE04EC0-301F-11D3-BF4B-00C04F79EFBC}") = "Pr_01_FillTheMatrix", "Pr_01_FillTheMatrix\Pr_01_FillTheMatrix.csproj", "{DFE41606-B2F7-4C84-8B1E-9D6787795C83}"
EndProject
Project("{FAE04EC0-301F-11D3-BF4B-00C04F79EFBC}") = "Pr_02_MaxSum", "Pr_02_MaxSum\Pr_02_MaxSum.csproj", "{5049AF02-28A8-4CA7-A816-F66303009B82}"
EndProject
Project("{FAE04EC0-301F-11D3-BF4B-00C04F79EFBC}") = "Pr_03_MatrixShuffling", "Pr_03_MatrixShuffling\Pr_03_MatrixShuffling.csproj", "{AE4FF1B8-9F96-4381-88F9-2714FA2650E6}"
EndProject
Project("{FAE04EC0-301F-11D3-BF4B-00C04F79EFBC}") = "Pr_05_CollectTheCoins", "Pr_05_CollectTheCoins\Pr_05_CollectTheCoins.csproj", "{82F85359-2EED-4FBB-91CB-F854131EB3B2}"
EndProject
Project("{FAE04EC0-301F-11D3-BF4B-00C04F79EFBC}") = "Pr_06_CountSymbols", "Pr_06_CountSymbols\Pr_06_CountSymbols.csproj", "{6C760014-2319-4DE8-9FDC-3562E5CB4690}"
EndProject
Project("{FAE04EC0-301F-11D3-BF4B-00C04F79EFBC}") = "Pr_07_Phonebook", "Pr_07_Phonebook\Pr_07_Phonebook.csproj", "{B5192E68-A7D1-415F-AE33-9419C8B26828}"
EndProject
Project("{FAE04EC0-301F-11D3-BF4B-00C04F79EFBC}") = "Pr_08_NightLife", "Pr_08_NightLife\Pr_08_NightLife.csproj", "{EE6BC600-5994-41A1-A682-A620B00C9F2B}"
EndProject
Project("{FAE04EC0-301F-11D3-BF4B-00C04F79EFBC}") = "Pr_09_TeroristsWin", "Pr_09_TeroristsWin\Pr_09_TeroristsWin.csproj", "{A67B4DB1-8C5B-4BCA-BCF2-A653D6B94B43}"
EndProject
Project("{FAE04EC0-301F-11D3-BF4B-00C04F79EFBC}") = "Pr_13_ActivityTracker", "Pr_13_ActivityTracker\Pr_13_ActivityTracker.csproj", "{A02CBCF4-0C42-4196-8BE6-A84A1C535344}"
EndProject
Global
	GlobalSection(SolutionConfigurationPlatforms) = preSolution
		Debug|Any CPU = Debug|Any CPU
		Release|Any CPU = Release|Any CPU
	EndGlobalSection
	GlobalSection(ProjectConfigurationPlatforms) = postSolution
		{DFE41606-B2F7-4C84-8B1E-9D6787795C83}.Debug|Any CPU.ActiveCfg = Debug|Any CPU
		{DFE41606-B2F7-4C84-8B1E-9D6787795C83}.Debug|Any CPU.Build.0 = Debug|Any CPU
		{DFE41606-B2F7-4C84-8B1E-9D6787795C83}.Release|Any CPU.ActiveCfg = Release|Any CPU
		{DFE41606-B2F7-4C84-8B1E-9D6787795C83}.Release|Any CPU.Build.0 = Release|Any CPU
		{5049AF02-28A8-4CA7-A816-F66303009B82}.Debug|Any CPU.ActiveCfg = Debug|Any CPU
		{5049AF02-28A8-4CA7-A816-F66303009B82}.Debug|Any CPU.Build.0 = Debug|Any CPU
		{5049AF02-28A8-4CA7-A816-F66303009B82}.Release|Any CPU.ActiveCfg = Release|Any CPU
		{5049AF02-28A8-4CA7-A816-F66303009B82}.Release|Any CPU.Build.0 = Release|Any CPU
		{AE4FF1B8-9F96-4381-88F9-2714FA2650E6}.Debug|Any CPU.ActiveCfg = Debug|Any CPU
		{AE4FF1B8-9F96-4381-88F9-2714FA2650E6}.Debug|Any CPU.Build.0 = Debug|Any CPU
		{AE4FF1B8-9F96-4381-88F9-2714FA2650E6}.Release|Any CPU.ActiveCfg = Release|Any CPU
		{AE4FF1B8-9F96-4381-88F9-2714FA2650E6}.Release|Any CPU.Build.0 = Release|Any CPU
		{82F85359-2EED-4FBB-91CB-F854131EB3B2}.Debug|Any CPU.ActiveCfg = Debug|Any CPU
		{82F85359-2EED-4FBB-91CB-F854131EB3B2}.Debug|Any CPU.Build.0 = Debug|Any CPU
		{82F85359-2EED-4FBB-91CB-F854131EB3B2}.Release|Any CPU.ActiveCfg = Release|Any CPU
		{82F85359-2EED-4FBB-91CB-F854131EB3B2}.Release|Any CPU.Build.0 = Release|Any CPU
		{6C760014-2319-4DE8-9FDC-3562E5CB4690}.Debug|Any CPU.ActiveCfg = Debug|Any CPU
		{6C760014-2319-4DE8-9FDC-3562E5CB4690}.Debug|Any CPU.Build.0 = Debug|Any CPU
		{6C760014-2319-4DE8-9FDC-3562E5CB4690}.Release|Any CPU.ActiveCfg = Release|Any CPU
		{6C760014-2319-4DE8-9FDC-3562E5CB4690}.Release|Any CPU.Build.0 = Release|Any CPU
		{B5192E68-A7D1-415F-AE33-9419C8B26828}.Debug|Any CPU.ActiveCfg = Debug|Any CPU
		{B5192E68-A7D1-415F-AE33-9419C8B26828}.Debug|Any CPU.Build.0 = Debug|Any CPU
		{B5192E68-A7D1-415F-AE33-9419C8B26828}.Release|Any CPU.ActiveCfg = Release|Any CPU
		{B5192E68-A7D1-415F-AE33-9419C8B26828}.Release|Any CPU.Build.0 = Release|Any CPU
		{EE6BC600-5994-41A1-A682-A620B00C9F2B}.Debug|Any CPU.ActiveCfg = Debug|Any CPU
		{EE6BC600-5994-41A1-A682-A620B00C9F2B}.Debug|Any CPU.Build.0 = Debug|Any CPU
		{EE6BC600-5994-41A1-A682-A620B00C9F2B}.Release|Any CPU.ActiveCfg = Release|Any CPU
		{EE6BC600-5994-41A1-A682-A620B00C9F2B}.Release|Any CPU.Build.0 = Release|Any CPU
		{A67B4DB1-8C5B-4BCA-BCF2-A653D6B94B43}.Debug|Any CPU.ActiveCfg = Debug|Any CPU
		{A67B4DB1-8C5B-4BCA-BCF2-A653D6B94B43}.Debug|Any CPU.Build.0 = Debug|Any CPU
		{A67B4DB1-8C5B-4BCA-BCF2-A653D6B94B43}.Release|Any CPU.ActiveCfg = Release|Any CPU
		{A67B4DB1-8C5B-4BCA-BCF2-A653D6B94B43}.Release|Any CPU.Build.0 = Release|Any CPU
		{A02CBCF4-0C42-4196-8BE6-A84A1C535344}.Debug|Any CPU.ActiveCfg = Debug|Any CPU
		{A02CBCF4-0C42-4196-8BE6-A84A1C535344}.Debug|Any CPU.Build.0 = Debug|Any CPU
		{A02CBCF4-0C42-4196-8BE6-A84A1C535344}.Release|Any CPU.ActiveCfg = Release|Any CPU
		{A02CBCF4-0C42-4196-8BE6-A84A1C535344}.Release|Any CPU.Build.0 = Release|Any CPU
	EndGlobalSection
	GlobalSection(SolutionProperties) = preSolution
		HideSolutionNode = FALSE
	EndGlobalSection
EndGlobal
